{
	"name": "reactdev.ru",
	"version": "1.0.0",
	"lockfileVersion": 3,
	"requires": true,
	"packages": {
		"": {
			"name": "reactdev.ru",
			"version": "1.0.0",
			"devDependencies": {
				"@prettier/plugin-xml": "^0.12.0",
				"prettier": "^2.1.2"
			}
		},
		"node_modules/@prettier/plugin-xml": {
			"version": "0.12.0",
			"resolved": "https://registry.npmjs.org/@prettier/plugin-xml/-/plugin-xml-0.12.0.tgz",
			"integrity": "sha512-196oXlmim2SiqeG1jQO5aS/nChI85DvyfIQTBkOiVHHev2j15x4TVxOMGAWHkqdlD8pmCg/KmX8SfFIyT2L7tA==",
			"dev": true,
			"license": "MIT",
			"dependencies": {
				"@xml-tools/parser": "^1.0.2",
				"prettier": ">=1.10"
			}
		},
		"node_modules/@xml-tools/parser": {
			"version": "1.0.11",
			"resolved": "https://registry.npmjs.org/@xml-tools/parser/-/parser-1.0.11.tgz",
			"integrity": "sha512-aKqQ077XnR+oQtHJlrAflaZaL7qZsulWc/i/ZEooar5JiWj1eLt0+Wg28cpa+XLney107wXqneC+oG1IZvxkTA==",
			"dev": true,
			"license": "Apache-2.0",
			"dependencies": {
				"chevrotain": "7.1.1"
			}
		},
		"node_modules/chevrotain": {
			"version": "7.1.1",
			"resolved": "https://registry.npmjs.org/chevrotain/-/chevrotain-7.1.1.tgz",
			"integrity": "sha512-wy3mC1x4ye+O+QkEinVJkPf5u2vsrDIYW9G7ZuwFl6v/Yu0LwUuT2POsb+NUWApebyxfkQq6+yDfRExbnI5rcw==",
			"dev": true,
			"license": "Apache-2.0",
			"dependencies": {
				"regexp-to-ast": "0.5.0"
			}
		},
		"node_modules/prettier": {
			"version": "2.8.8",
			"resolved": "https://registry.npmjs.org/prettier/-/prettier-2.8.8.tgz",
			"integrity": "sha512-tdN8qQGvNjw4CHbY+XXk0JgCXn9QiF21a55rBe5LJAU+kDyC4WQn4+awm2Xfk2lQMk5fKup9XgzTZtGkjBdP9Q==",
			"dev": true,
			"license": "MIT",
			"bin": {
				"prettier": "bin-prettier.js"
			},
			"engines": {
				"node": ">=10.13.0"
			},
			"funding": {
				"url": "https://github.com/prettier/prettier?sponsor=1"
			}
		},
		"node_modules/regexp-to-ast": {
			"version": "0.5.0",
			"resolved": "https://registry.npmjs.org/regexp-to-ast/-/regexp-to-ast-0.5.0.tgz",
			"integrity": "sha512-tlbJqcMHnPKI9zSrystikWKwHkBqu2a/Sgw01h3zFjvYrMxEDYHzzoMZnUrbIfpTFEsoRnnviOXNCzFiSc54Qw==",
			"dev": true,
			"license": "MIT"
		}
	}
}
